// !$*UTF8*$!
{
	archiveVersion = 1;
	classes = {
	};
	objectVersion = 50;
	objects = {

/* Begin PBXBuildFile section */
		37719A2CE8C19459F6852C10 /* libPods-mihoutao.a in Frameworks */ = {isa = PBXBuildFile; fileRef = 79F262E6549C6FDAA82A417F /* libPods-mihoutao.a */; };
		F1CADEFF25FF6310009C33DC /* AppDelegate.m in Sources */ = {isa = PBXBuildFile; fileRef = F1CADEFE25FF630F009C33DC /* AppDelegate.m */; };
		F1CADF0225FF6310009C33DC /* ViewController.m in Sources */ = {isa = PBXBuildFile; fileRef = F1CADF0125FF6310009C33DC /* ViewController.m */; };
		F1CADF0425FF6312009C33DC /* Assets.xcassets in Resources */ = {isa = PBXBuildFile; fileRef = F1CADF0325FF6312009C33DC /* Assets.xcassets */; };
		F1CADF0725FF6312009C33DC /* Main.storyboard in Resources */ = {isa = PBXBuildFile; fileRef = F1CADF0525FF6312009C33DC /* Main.storyboard */; };
		F1CADF0A25FF6312009C33DC /* main.m in Sources */ = {isa = PBXBuildFile; fileRef = F1CADF0925FF6312009C33DC /* main.m */; };
/* End PBXBuildFile section */

/* Begin PBXFileReference section */
		6C2519ECB657287C1CA719FF /* Pods-mihoutao.debug.xcconfig */ = {isa = PBXFileReference; includeInIndex = 1; lastKnownFileType = text.xcconfig; name = "Pods-mihoutao.debug.xcconfig"; path = "Target Support Files/Pods-mihoutao/Pods-mihoutao.debug.xcconfig"; sourceTree = "<group>"; };
		79F262E6549C6FDAA82A417F /* libPods-mihoutao.a */ = {isa = PBXFileReference; explicitFileType = archive.ar; includeInIndex = 0; path = "libPods-mihoutao.a"; sourceTree = BUILT_PRODUCTS_DIR; };
		CA30F1639611BD11CB91CCDE /* Pods-mihoutao.release.xcconfig */ = {isa = PBXFileReference; includeInIndex = 1; lastKnownFileType = text.xcconfig; name = "Pods-mihoutao.release.xcconfig"; path = "Target Support Files/Pods-mihoutao/Pods-mihoutao.release.xcconfig"; sourceTree = "<group>"; };
		F1CADEFA25FF630F009C33DC /* mihoutao.app */ = {isa = PBXFileReference; explicitFileType = wrapper.application; includeInIndex = 0; path = mihoutao.app; sourceTree = BUILT_PRODUCTS_DIR; };
		F1CADEFD25FF630F009C33DC /* AppDelegate.h */ = {isa = PBXFileReference; lastKnownFileType = sourcecode.c.h; path = AppDelegate.h; sourceTree = "<group>"; };
		F1CADEFE25FF630F009C33DC /* AppDelegate.m */ = {isa = PBXFileReference; lastKnownFileType = sourcecode.c.objc; path = AppDelegate.m; sourceTree = "<group>"; };
		F1CADF0025FF6310009C33DC /* ViewController.h */ = {isa = PBXFileReference; lastKnownFileType = sourcecode.c.h; path = ViewController.h; sourceTree = "<group>"; };
		F1CADF0125FF6310009C33DC /* ViewController.m */ = {isa = PBXFileReference; lastKnownFileType = sourcecode.c.objc; path = ViewController.m; sourceTree = "<group>"; };
		F1CADF0325FF6312009C33DC /* Assets.xcassets */ = {isa = PBXFileReference; lastKnownFileType = folder.assetcatalog; path = Assets.xcassets; sourceTree = "<group>"; };
		F1CADF0625FF6312009C33DC /* Base */ = {isa = PBXFileReference; lastKnownFileType = file.storyboard; name = Base; path = Base.lproj/Main.storyboard; sourceTree = "<group>"; };
		F1CADF0825FF6312009C33DC /* Info.plist */ = {isa = PBXFileReference; lastKnownFileType = text.plist.xml; path = Info.plist; sourceTree = "<group>"; };
		F1CADF0925FF6312009C33DC /* main.m */ = {isa = PBXFileReference; lastKnownFileType = sourcecode.c.objc; path = main.m; sourceTree = "<group>"; };
		F1CADF0B25FF6312009C33DC /* mihoutao.entitlements */ = {isa = PBXFileReference; lastKnownFileType = text.plist.entitlements; path = mihoutao.entitlements; sourceTree = "<group>"; };
/* End PBXFileReference section */

/* Begin PBXFrameworksBuildPhase section */
		F1CADEF725FF630F009C33DC /* Frameworks */ = {
			isa = PBXFrameworksBuildPhase;
			buildActionMask = 2147483647;
			files = (
				37719A2CE8C19459F6852C10 /* libPods-mihoutao.a in Frameworks */,
			);
			runOnlyForDeploymentPostprocessing = 0;
		};
/* End PBXFrameworksBuildPhase section */

/* Begin PBXGroup section */
		47A69D6AA2DD26EAAFE8D601 /* Pods */ = {
			isa = PBXGroup;
			children = (
				6C2519ECB657287C1CA719FF /* Pods-mihoutao.debug.xcconfig */,
				CA30F1639611BD11CB91CCDE /* Pods-mihoutao.release.xcconfig */,
			);
			name = Pods;
			path = Pods;
			sourceTree = "<group>";
		};
		4E1989CD86FA466E5DA622BF /* Frameworks */ = {
			isa = PBXGroup;
			children = (
				79F262E6549C6FDAA82A417F /* libPods-mihoutao.a */,
			);
			name = Frameworks;
			sourceTree = "<group>";
		};
		F1CADEF125FF630F009C33DC = {
			isa = PBXGroup;
			children = (
				F1CADEFC25FF630F009C33DC /* mihoutao */,
				F1CADEFB25FF630F009C33DC /* Products */,
				47A69D6AA2DD26EAAFE8D601 /* Pods */,
				4E1989CD86FA466E5DA622BF /* Frameworks */,
			);
			sourceTree = "<group>";
		};
		F1CADEFB25FF630F009C33DC /* Products */ = {
			isa = PBXGroup;
			children = (
				F1CADEFA25FF630F009C33DC /* mihoutao.app */,
			);
			name = Products;
			sourceTree = "<group>";
		};
		F1CADEFC25FF630F009C33DC /* mihoutao */ = {
			isa = PBXGroup;
			children = (
				F1CADEFD25FF630F009C33DC /* AppDelegate.h */,
				F1CADEFE25FF630F009C33DC /* AppDelegate.m */,
				F1CADF0025FF6310009C33DC /* ViewController.h */,
				F1CADF0125FF6310009C33DC /* ViewController.m */,
				F1CADF0325FF6312009C33DC /* Assets.xcassets */,
				F1CADF0525FF6312009C33DC /* Main.storyboard */,
				F1CADF0825FF6312009C33DC /* Info.plist */,
				F1CADF0925FF6312009C33DC /* main.m */,
				F1CADF0B25FF6312009C33DC /* mihoutao.entitlements */,
			);
			path = mihoutao;
			sourceTree = "<group>";
		};
/* End PBXGroup section */

/* Begin PBXNativeTarget section */
		F1CADEF925FF630F009C33DC /* mihoutao */ = {
			isa = PBXNativeTarget;
			buildConfigurationList = F1CADF0E25FF6312009C33DC /* Build configuration list for PBXNativeTarget "mihoutao" */;
			buildPhases = (
				38558FC7B5A2536FD129EB5D /* [CP] Check Pods Manifest.lock */,
				F1CADEF625FF630F009C33DC /* Sources */,
				F1CADEF725FF630F009C33DC /* Frameworks */,
				F1CADEF825FF630F009C33DC /* Resources */,
			);
			buildRules = (
			);
			dependencies = (
			);
			name = mihoutao;
			productName = mihoutao;
			productReference = F1CADEFA25FF630F009C33DC /* mihoutao.app */;
			productType = "com.apple.product-type.application";
		};
/* End PBXNativeTarget section */

/* Begin PBXProject section */
		F1CADEF225FF630F009C33DC /* Project object */ = {
			isa = PBXProject;
			attributes = {
				LastUpgradeCheck = 1230;
				TargetAttributes = {
					F1CADEF925FF630F009C33DC = {
						CreatedOnToolsVersion = 12.3;
					};
				};
			};
			buildConfigurationList = F1CADEF525FF630F009C33DC /* Build configuration list for PBXProject "mihoutao" */;
			compatibilityVersion = "Xcode 9.3";
			developmentRegion = en;
			hasScannedForEncodings = 0;
			knownRegions = (
				en,
				Base,
			);
			mainGroup = F1CADEF125FF630F009C33DC;
			productRefGroup = F1CADEFB25FF630F009C33DC /* Products */;
			projectDirPath = "";
			projectRoot = "";
			targets = (
				F1CADEF925FF630F009C33DC /* mihoutao */,
			);
		};
/* End PBXProject section */

/* Begin PBXResourcesBuildPhase section */
		F1CADEF825FF630F009C33DC /* Resources */ = {
			isa = PBXResourcesBuildPhase;
			buildActionMask = 2147483647;
			files = (
				F1CADF0425FF6312009C33DC /* Assets.xcassets in Resources */,
				F1CADF0725FF6312009C33DC /* Main.storyboard in Resources */,
			);
			runOnlyForDeploymentPostprocessing = 0;
		};
/* End PBXResourcesBuildPhase section */

/* Begin PBXShellScriptBuildPhase section */
		38558FC7B5A2536FD129EB5D /* [CP] Check Pods Manifest.lock */ = {
			isa = PBXShellScriptBuildPhase;
			buildActionMask = 2147483647;
			files = (
			);
			inputFileListPaths = (
			);
			inputPaths = (
				"${PODS_PODFILE_DIR_PATH}/Podfile.lock",
				"${PODS_ROOT}/Manifest.lock",
			);
			name = "[CP] Check Pods Manifest.lock";
			outputFileListPaths = (
			);
			outputPaths = (
				"$(DERIVED_FILE_DIR)/Pods-mihoutao-checkManifestLockResult.txt",
			);
			runOnlyForDeploymentPostprocessing = 0;
			shellPath = /bin/sh;
			shellScript = "diff \"${PODS_PODFILE_DIR_PATH}/Podfile.lock\" \"${PODS_ROOT}/Manifest.lock\" > /dev/null\nif [ $? != 0 ] ; then\n    # print error to STDERR\n    echo \"error: The sandbox is not in sync with the Podfile.lock. Run 'pod install' or update your CocoaPods installation.\" >&2\n    exit 1\nfi\n# This output is used by Xcode 'outputs' to avoid re-running this script phase.\necho \"SUCCESS\" > \"${SCRIPT_OUTPUT_FILE_0}\"\n";
			showEnvVarsInLog = 0;
		};
/* End PBXShellScriptBuildPhase section */

/* Begin PBXSourcesBuildPhase section */
		F1CADEF625FF630F009C33DC /* Sources */ = {
			isa = PBXSourcesBuildPhase;
			buildActionMask = 2147483647;
			files = (
				F1CADF0225FF6310009C33DC /* ViewController.m in Sources */,
				F1CADF0A25FF6312009C33DC /* main.m in Sources */,
				F1CADEFF25FF6310009C33DC /* AppDelegate.m in Sources */,
			);
			runOnlyForDeploymentPostprocessing = 0;
		};
/* End PBXSourcesBuildPhase section */

/* Begin PBXVariantGroup section */
		F1CADF0525FF6312009C33DC /* Main.storyboard */ = {
			isa = PBXVariantGroup;
			children = (
				F1CADF0625FF6312009C33DC /* Base */,
			);
			name = Main.storyboard;
			sourceTree = "<group>";
		};
/* End PBXVariantGroup section */

/* Begin XCBuildConfiguration section */
		F1CADF0C25FF6312009C33DC /* Debug */ = {
			isa = XCBuildConfiguration;
			buildSettings = {
				ALWAYS_SEARCH_USER_PATHS = NO;
				CLANG_ANALYZER_NONNULL = YES;
				CLANG_ANALYZER_NUMBER_OBJECT_CONVERSION = YES_AGGRESSIVE;
				CLANG_CXX_LANGUAGE_STANDARD = "gnu++14";
				CLANG_CXX_LIBRARY = "libc++";
				CLANG_ENABLE_MODULES = YES;
				CLANG_ENABLE_OBJC_ARC = YES;
				CLANG_ENABLE_OBJC_WEAK = YES;
				CLANG_WARN_BLOCK_CAPTURE_AUTORELEASING = YES;
				CLANG_WARN_BOOL_CONVERSION = YES;
				CLANG_WARN_COMMA = YES;
				CLANG_WARN_CONSTANT_CONVERSION = YES;
				CLANG_WARN_DEPRECATED_OBJC_IMPLEMENTATIONS = YES;
				CLANG_WARN_DIRECT_OBJC_ISA_USAGE = YES_ERROR;
				CLANG_WARN_DOCUMENTATION_COMMENTS = YES;
				CLANG_WARN_EMPTY_BODY = YES;
				CLANG_WARN_ENUM_CONVERSION = YES;
				CLANG_WARN_INFINITE_RECURSION = YES;
				CLANG_WARN_INT_CONVERSION = YES;
				CLANG_WARN_NON_LITERAL_NULL_CONVERSION = YES;
				CLANG_WARN_OBJC_IMPLICIT_RETAIN_SELF = YES;
				CLANG_WARN_OBJC_LITERAL_CONVERSION = YES;
				CLANG_WARN_OBJC_ROOT_CLASS = YES_ERROR;
				CLANG_WARN_QUOTED_INCLUDE_IN_FRAMEWORK_HEADER = YES;
				CLANG_WARN_RANGE_LOOP_ANALYSIS = YES;
				CLANG_WARN_STRICT_PROTOTYPES = YES;
				CLANG_WARN_SUSPICIOUS_MOVE = YES;
				CLANG_WARN_UNGUARDED_AVAILABILITY = YES_AGGRESSIVE;
				CLANG_WARN_UNREACHABLE_CODE = YES;
				CLANG_WARN__DUPLICATE_METHOD_MATCH = YES;
				COPY_PHASE_STRIP = NO;
				DEBUG_INFORMATION_FORMAT = dwarf;
				ENABLE_STRICT_OBJC_MSGSEND = YES;
				ENABLE_TESTABILITY = YES;
				GCC_C_LANGUAGE_STANDARD = gnu11;
				GCC_DYNAMIC_NO_PIC = NO;
				GCC_NO_COMMON_BLOCKS = YES;
				GCC_OPTIMIZATION_LEVEL = 0;
				GCC_PREPROCESSOR_DEFINITIONS = (
					"DEBUG=1",
					"$(inherited)",
				);
				GCC_WARN_64_TO_32_BIT_CONVERSION = YES;
				GCC_WARN_ABOUT_RETURN_TYPE = YES_ERROR;
				GCC_WARN_UNDECLARED_SELECTOR = YES;
				GCC_WARN_UNINITIALIZED_AUTOS = YES_AGGRESSIVE;
				GCC_WARN_UNUSED_FUNCTION = YES;
				GCC_WARN_UNUSED_VARIABLE = YES;
				MACOSX_DEPLOYMENT_TARGET = 11.1;
				MTL_ENABLE_DEBUG_INFO = INCLUDE_SOURCE;
				MTL_FAST_MATH = YES;
				ONLY_ACTIVE_ARCH = YES;
				SDKROOT = macosx;
			};
			name = Debug;
		};
		F1CADF0D25FF6312009C33DC /* Release */ = {
			isa = XCBuildConfiguration;
			buildSettings = {
				ALWAYS_SEARCH_USER_PATHS = NO;
				CLANG_ANALYZER_NONNULL = YES;
				CLANG_ANALYZER_NUMBER_OBJECT_CONVERSION = YES_AGGRESSIVE;
				CLANG_CXX_LANGUAGE_STANDARD = "gnu++14";
				CLANG_CXX_LIBRARY = "libc++";
				CLANG_ENABLE_MODULES = YES;
				CLANG_ENABLE_OBJC_ARC = YES;
				CLANG_ENABLE_OBJC_WEAK = YES;
				CLANG_WARN_BLOCK_CAPTURE_AUTORELEASING = YES;
				CLANG_WARN_BOOL_CONVERSION = YES;
				CLANG_WARN_COMMA = YES;
				CLANG_WARN_CONSTANT_CONVERSION = YES;
				CLANG_WARN_DEPRECATED_OBJC_IMPLEMENTATIONS = YES;
				CLANG_WARN_DIRECT_OBJC_ISA_USAGE = YES_ERROR;
				CLANG_WARN_DOCUMENTATION_COMMENTS = YES;
				CLANG_WARN_EMPTY_BODY = YES;
				CLANG_WARN_ENUM_CONVERSION = YES;
				CLANG_WARN_INFINITE_RECURSION = YES;
				CLANG_WARN_INT_CONVERSION = YES;
				CLANG_WARN_NON_LITERAL_NULL_CONVERSION = YES;
				CLANG_WARN_OBJC_IMPLICIT_RETAIN_SELF = YES;
				CLANG_WARN_OBJC_LITERAL_CONVERSION = YES;
				CLANG_WARN_OBJC_ROOT_CLASS = YES_ERROR;
				CLANG_WARN_QUOTED_INCLUDE_IN_FRAMEWORK_HEADER = YES;
				CLANG_WARN_RANGE_LOOP_ANALYSIS = YES;
				CLANG_WARN_STRICT_PROTOTYPES = YES;
				CLANG_WARN_SUSPICIOUS_MOVE = YES;
				CLANG_WARN_UNGUARDED_AVAILABILITY = YES_AGGRESSIVE;
				CLANG_WARN_UNREACHABLE_CODE = YES;
				CLANG_WARN__DUPLICATE_METHOD_MATCH = YES;
				COPY_PHASE_STRIP = NO;
				DEBUG_INFORMATION_FORMAT = "dwarf-with-dsym";
				ENABLE_NS_ASSERTIONS = NO;
				ENABLE_STRICT_OBJC_MSGSEND = YES;
				GCC_C_LANGUAGE_STANDARD = gnu11;
				GCC_NO_COMMON_BLOCKS = YES;
				GCC_WARN_64_TO_32_BIT_CONVERSION = YES;
				GCC_WARN_ABOUT_RETURN_TYPE = YES_ERROR;
				GCC_WARN_UNDECLARED_SELECTOR = YES;
				GCC_WARN_UNINITIALIZED_AUTOS = YES_AGGRESSIVE;
				GCC_WARN_UNUSED_FUNCTION = YES;
				GCC_WARN_UNUSED_VARIABLE = YES;
				MACOSX_DEPLOYMENT_TARGET = 11.1;
				MTL_ENABLE_DEBUG_INFO = NO;
				MTL_FAST_MATH = YES;
				SDKROOT = macosx;
			};
			name = Release;
		};
		F1CADF0F25FF6312009C33DC /* Debug */ = {
			isa = XCBuildConfiguration;
			baseConfigurationReference = 6C2519ECB657287C1CA719FF /* Pods-mihoutao.debug.xcconfig */;
			buildSettings = {
				ASSETCATALOG_COMPILER_APPICON_NAME = AppIcon;
				ASSETCATALOG_COMPILER_GLOBAL_ACCENT_COLOR_NAME = AccentColor;
				CODE_SIGN_ENTITLEMENTS = mihoutao/mihoutao.entitlements;
				CODE_SIGN_STYLE = Automatic;
				COMBINE_HIDPI_IMAGES = YES;
				INFOPLIST_FILE = mihoutao/Info.plist;
				LD_RUNPATH_SEARCH_PATHS = (
					"$(inherited)",
					"@executable_path/../Frameworks",
				);
				PRODUCT_BUNDLE_IDENTIFIER = com.ab.mihoutao;
				PRODUCT_NAME = "$(TARGET_NAME)";
			};
			name = Debug;
		};
		F1CADF1025FF6312009C33DC /* Release */ = {
			isa = XCBuildConfiguration;
			baseConfigurationReference = CA30F1639611BD11CB91CCDE /* Pods-mihoutao.release.xcconfig */;
			buildSettings = {
				ASSETCATALOG_COMPILER_APPICON_NAME = AppIcon;
				ASSETCATALOG_COMPILER_GLOBAL_ACCENT_COLOR_NAME = AccentColor;
				CODE_SIGN_ENTITLEMENTS = mihoutao/mihoutao.entitlements;
				CODE_SIGN_STYLE = Automatic;
				COMBINE_HIDPI_IMAGES = YES;
				INFOPLIST_FILE = mihoutao/Info.plist;
				LD_RUNPATH_SEARCH_PATHS = (
					"$(inherited)",
					"@executable_path/../Frameworks",
				);
				PRODUCT_BUNDLE_IDENTIFIER = com.ab.mihoutao;
				PRODUCT_NAME = "$(TARGET_NAME)";
			};
			name = Release;
		};
/* End XCBuildConfiguration section */

/* Begin XCConfigurationList section */
		F1CADEF525FF630F009C33DC /* Build configuration list for PBXProject "mihoutao" */ = {
			isa = XCConfigurationList;
			buildConfigurations = (
				F1CADF0C25FF6312009C33DC /* Debug */,
				F1CADF0D25FF6312009C33DC /* Release */,
			);
			defaultConfigurationIsVisible = 0;
			defaultConfigurationName = Release;
		};
		F1CADF0E25FF6312009C33DC /* Build configuration list for PBXNativeTarget "mihoutao" */ = {
			isa = XCConfigurationList;
			buildConfigurations = (
				F1CADF0F25FF6312009C33DC /* Debug */,
				F1CADF1025FF6312009C33DC /* Release */,
			);
			defaultConfigurationIsVisible = 0;
			defaultConfigurationName = Release;
		};
/* End XCConfigurationList section */
	};
	rootObject = F1CADEF225FF630F009C33DC /* Project object */;
}
